// !$*UTF8*$!
{
	archiveVersion = 1;
	classes = {
	};
	objectVersion = 46;
	objects = {

/* Begin PBXBuildFile section */
		5F02F6CD1E0DC5DE0030F54E /* RecentAssessmentView.swift in Sources */ = {isa = PBXBuildFile; fileRef = 5F02F6CC1E0DC5DE0030F54E /* RecentAssessmentView.swift */; };
		5F02F6CF1E0DCC4A0030F54E /* RecentAssessmentView.xib in Resources */ = {isa = PBXBuildFile; fileRef = 5F02F6CE1E0DCC4A0030F54E /* RecentAssessmentView.xib */; };
		5F02F6D71E1136B30030F54E /* String.swift in Sources */ = {isa = PBXBuildFile; fileRef = 5F02F6D61E1136B30030F54E /* String.swift */; };
		5F02F6DD1E1183AC0030F54E /* Assessment.swift in Sources */ = {isa = PBXBuildFile; fileRef = 5F02F6DC1E1183AC0030F54E /* Assessment.swift */; };
		5F02F6DF1E1191710030F54E /* UIView.swift in Sources */ = {isa = PBXBuildFile; fileRef = 5F02F6DE1E1191710030F54E /* UIView.swift */; };
		5F1BACA71E0D776800CFDD6D /* BorderedView.swift in Sources */ = {isa = PBXBuildFile; fileRef = 5F1BACA61E0D776800CFDD6D /* BorderedView.swift */; };
		5F2B3FFC1E47272500FAAA74 /* UnderlinedLabel.swift in Sources */ = {isa = PBXBuildFile; fileRef = 5F2B3FFB1E47272500FAAA74 /* UnderlinedLabel.swift */; };
		5F5969731E2B51BD001EA42A /* Date.swift in Sources */ = {isa = PBXBuildFile; fileRef = 5F5969721E2B51BD001EA42A /* Date.swift */; };
		5F6032E81E05E6150097639E /* AppDelegate.swift in Sources */ = {isa = PBXBuildFile; fileRef = 5F6032E71E05E6150097639E /* AppDelegate.swift */; };
		5F6032EF1E05E6150097639E /* Main.storyboard in Resources */ = {isa = PBXBuildFile; fileRef = 5F6032ED1E05E6150097639E /* Main.storyboard */; };
		5F6032F11E05E6150097639E /* Assets.xcassets in Resources */ = {isa = PBXBuildFile; fileRef = 5F6032F01E05E6150097639E /* Assets.xcassets */; };
		5F6032F41E05E6150097639E /* LaunchScreen.storyboard in Resources */ = {isa = PBXBuildFile; fileRef = 5F6032F21E05E6150097639E /* LaunchScreen.storyboard */; };
		5F60330F1E05EC9E0097639E /* myHomeViewController.swift in Sources */ = {isa = PBXBuildFile; fileRef = 5F60330E1E05EC9E0097639E /* myHomeViewController.swift */; };
		5F6142791E12D781004DC079 /* myAssessmentsViewController.swift in Sources */ = {isa = PBXBuildFile; fileRef = 5F6142781E12D781004DC079 /* myAssessmentsViewController.swift */; };
		5F61427B1E13DC3D004DC079 /* Subject.swift in Sources */ = {isa = PBXBuildFile; fileRef = 5F61427A1E13DC3D004DC079 /* Subject.swift */; };
		5F6142841E14DD1D004DC079 /* AssessmentCell.swift in Sources */ = {isa = PBXBuildFile; fileRef = 5F6142821E14DD1D004DC079 /* AssessmentCell.swift */; };
		5F6142851E14DD1D004DC079 /* AssessmentCell.xib in Resources */ = {isa = PBXBuildFile; fileRef = 5F6142831E14DD1D004DC079 /* AssessmentCell.xib */; };
		5F63D3571E20C428005FB875 /* UISearchBar.swift in Sources */ = {isa = PBXBuildFile; fileRef = 5F63D3561E20C428005FB875 /* UISearchBar.swift */; };
		5F63D3791E225BBB005FB875 /* AssessmentDetailViewController.swift in Sources */ = {isa = PBXBuildFile; fileRef = 5F63D3781E225BBB005FB875 /* AssessmentDetailViewController.swift */; };
		5F7D24DB1E30FC310091FD2C /* DateFormatter.swift in Sources */ = {isa = PBXBuildFile; fileRef = 5F7D24DA1E30FC310091FD2C /* DateFormatter.swift */; };
		5F8C8F321E4C2B0A003A14E3 /* gradePercentiles.json in Resources */ = {isa = PBXBuildFile; fileRef = 5F8C8F311E4C2B0A003A14E3 /* gradePercentiles.json */; };
		5F8C8F341E4C425C003A14E3 /* YearLevel.swift in Sources */ = {isa = PBXBuildFile; fileRef = 5F8C8F331E4C425C003A14E3 /* YearLevel.swift */; };
		5F8C8F361E4C4B0F003A14E3 /* mySettingsViewController.swift in Sources */ = {isa = PBXBuildFile; fileRef = 5F8C8F351E4C4B0F003A14E3 /* mySettingsViewController.swift */; };
		5F8C8F381E4D327A003A14E3 /* SubjectGradeCalculation.swift in Sources */ = {isa = PBXBuildFile; fileRef = 5F8C8F371E4D327A003A14E3 /* SubjectGradeCalculation.swift */; };
		5F9680E21E266ED1001CF7B4 /* UINavigationController.swift in Sources */ = {isa = PBXBuildFile; fileRef = 5F9680E11E266ED1001CF7B4 /* UINavigationController.swift */; };
		5F9CF5FE1E553B9500FC40C3 /* IndexedSum.swift in Sources */ = {isa = PBXBuildFile; fileRef = 5F9CF5FD1E553B9500FC40C3 /* IndexedSum.swift */; };
		5F9CF6001E58816E00FC40C3 /* gradeBoundaries.json in Resources */ = {isa = PBXBuildFile; fileRef = 5F9CF5FF1E58816E00FC40C3 /* gradeBoundaries.json */; };
		5F9CF6021E58929700FC40C3 /* untitled.png in Resources */ = {isa = PBXBuildFile; fileRef = 5F9CF6011E58929700FC40C3 /* untitled.png */; };
		5F9CF6041E58940D00FC40C3 /* untitled (1).png in Resources */ = {isa = PBXBuildFile; fileRef = 5F9CF6031E58940D00FC40C3 /* untitled (1).png */; };
		5F9CF6061E5894A900FC40C3 /* untitled (2).png in Resources */ = {isa = PBXBuildFile; fileRef = 5F9CF6051E5894A900FC40C3 /* untitled (2).png */; };
		5FBC4BBD1E38E63D004E64A6 /* myTrendsViewController.swift in Sources */ = {isa = PBXBuildFile; fileRef = 5FBC4BBC1E38E63D004E64A6 /* myTrendsViewController.swift */; };
		5FC1EF6C1E1FC90F00CF379A /* UITextField.swift in Sources */ = {isa = PBXBuildFile; fileRef = 5FC1EF6B1E1FC90F00CF379A /* UITextField.swift */; };
		5FCC00991E17B90B005201C2 /* Profile.swift in Sources */ = {isa = PBXBuildFile; fileRef = 5FCC00981E17B90B005201C2 /* Profile.swift */; };
		5FCC009B1E17BC36005201C2 /* AppStatus.swift in Sources */ = {isa = PBXBuildFile; fileRef = 5FCC009A1E17BC36005201C2 /* AppStatus.swift */; };
/* End PBXBuildFile section */

/* Begin PBXFileReference section */
		5F02F6CC1E0DC5DE0030F54E /* RecentAssessmentView.swift */ = {isa = PBXFileReference; fileEncoding = 4; lastKnownFileType = sourcecode.swift; path = RecentAssessmentView.swift; sourceTree = "<group>"; };
		5F02F6CE1E0DCC4A0030F54E /* RecentAssessmentView.xib */ = {isa = PBXFileReference; fileEncoding = 4; lastKnownFileType = file.xib; path = RecentAssessmentView.xib; sourceTree = "<group>"; };
		5F02F6D61E1136B30030F54E /* String.swift */ = {isa = PBXFileReference; fileEncoding = 4; lastKnownFileType = sourcecode.swift; path = String.swift; sourceTree = "<group>"; };
		5F02F6DC1E1183AC0030F54E /* Assessment.swift */ = {isa = PBXFileReference; fileEncoding = 4; lastKnownFileType = sourcecode.swift; path = Assessment.swift; sourceTree = "<group>"; };
		5F02F6DE1E1191710030F54E /* UIView.swift */ = {isa = PBXFileReference; fileEncoding = 4; lastKnownFileType = sourcecode.swift; path = UIView.swift; sourceTree = "<group>"; };
		5F1BACA61E0D776800CFDD6D /* BorderedView.swift */ = {isa = PBXFileReference; fileEncoding = 4; lastKnownFileType = sourcecode.swift; path = BorderedView.swift; sourceTree = "<group>"; };
		5F2B3FFB1E47272500FAAA74 /* UnderlinedLabel.swift */ = {isa = PBXFileReference; fileEncoding = 4; lastKnownFileType = sourcecode.swift; path = UnderlinedLabel.swift; sourceTree = "<group>"; };
		5F5969721E2B51BD001EA42A /* Date.swift */ = {isa = PBXFileReference; fileEncoding = 4; lastKnownFileType = sourcecode.swift; path = Date.swift; sourceTree = "<group>"; };
		5F6032E41E05E6150097639E /* myPredictedGrade.app */ = {isa = PBXFileReference; explicitFileType = wrapper.application; includeInIndex = 0; path = myPredictedGrade.app; sourceTree = BUILT_PRODUCTS_DIR; };
		5F6032E71E05E6150097639E /* AppDelegate.swift */ = {isa = PBXFileReference; lastKnownFileType = sourcecode.swift; path = AppDelegate.swift; sourceTree = "<group>"; };
		5F6032EE1E05E6150097639E /* Base */ = {isa = PBXFileReference; lastKnownFileType = file.storyboard; name = Base; path = Base.lproj/Main.storyboard; sourceTree = "<group>"; };
		5F6032F01E05E6150097639E /* Assets.xcassets */ = {isa = PBXFileReference; lastKnownFileType = folder.assetcatalog; path = Assets.xcassets; sourceTree = "<group>"; };
		5F6032F31E05E6150097639E /* Base */ = {isa = PBXFileReference; lastKnownFileType = file.storyboard; name = Base; path = Base.lproj/LaunchScreen.storyboard; sourceTree = "<group>"; };
		5F6032F51E05E6150097639E /* Info.plist */ = {isa = PBXFileReference; lastKnownFileType = text.plist.xml; path = Info.plist; sourceTree = "<group>"; };
		5F60330E1E05EC9E0097639E /* myHomeViewController.swift */ = {isa = PBXFileReference; fileEncoding = 4; lastKnownFileType = sourcecode.swift; path = myHomeViewController.swift; sourceTree = "<group>"; };
		5F6142781E12D781004DC079 /* myAssessmentsViewController.swift */ = {isa = PBXFileReference; fileEncoding = 4; lastKnownFileType = sourcecode.swift; path = myAssessmentsViewController.swift; sourceTree = "<group>"; };
		5F61427A1E13DC3D004DC079 /* Subject.swift */ = {isa = PBXFileReference; fileEncoding = 4; lastKnownFileType = sourcecode.swift; path = Subject.swift; sourceTree = "<group>"; };
		5F6142821E14DD1D004DC079 /* AssessmentCell.swift */ = {isa = PBXFileReference; fileEncoding = 4; lastKnownFileType = sourcecode.swift; path = AssessmentCell.swift; sourceTree = "<group>"; };
		5F6142831E14DD1D004DC079 /* AssessmentCell.xib */ = {isa = PBXFileReference; fileEncoding = 4; lastKnownFileType = file.xib; path = AssessmentCell.xib; sourceTree = "<group>"; };
		5F63D3561E20C428005FB875 /* UISearchBar.swift */ = {isa = PBXFileReference; fileEncoding = 4; lastKnownFileType = sourcecode.swift; path = UISearchBar.swift; sourceTree = "<group>"; };
		5F63D3781E225BBB005FB875 /* AssessmentDetailViewController.swift */ = {isa = PBXFileReference; fileEncoding = 4; lastKnownFileType = sourcecode.swift; path = AssessmentDetailViewController.swift; sourceTree = "<group>"; };
		5F7D24DA1E30FC310091FD2C /* DateFormatter.swift */ = {isa = PBXFileReference; fileEncoding = 4; lastKnownFileType = sourcecode.swift; path = DateFormatter.swift; sourceTree = "<group>"; };
		5F8C8F311E4C2B0A003A14E3 /* gradePercentiles.json */ = {isa = PBXFileReference; fileEncoding = 4; lastKnownFileType = text.json; path = gradePercentiles.json; sourceTree = "<group>"; };
		5F8C8F331E4C425C003A14E3 /* YearLevel.swift */ = {isa = PBXFileReference; fileEncoding = 4; lastKnownFileType = sourcecode.swift; path = YearLevel.swift; sourceTree = "<group>"; };
		5F8C8F351E4C4B0F003A14E3 /* mySettingsViewController.swift */ = {isa = PBXFileReference; fileEncoding = 4; lastKnownFileType = sourcecode.swift; path = mySettingsViewController.swift; sourceTree = "<group>"; };
		5F8C8F371E4D327A003A14E3 /* SubjectGradeCalculation.swift */ = {isa = PBXFileReference; fileEncoding = 4; lastKnownFileType = sourcecode.swift; path = SubjectGradeCalculation.swift; sourceTree = "<group>"; };
		5F9680E11E266ED1001CF7B4 /* UINavigationController.swift */ = {isa = PBXFileReference; fileEncoding = 4; lastKnownFileType = sourcecode.swift; path = UINavigationController.swift; sourceTree = "<group>"; };
		5F9CF5FD1E553B9500FC40C3 /* IndexedSum.swift */ = {isa = PBXFileReference; fileEncoding = 4; lastKnownFileType = sourcecode.swift; path = IndexedSum.swift; sourceTree = "<group>"; };
		5F9CF5FF1E58816E00FC40C3 /* gradeBoundaries.json */ = {isa = PBXFileReference; fileEncoding = 4; lastKnownFileType = text.json; path = gradeBoundaries.json; sourceTree = "<group>"; };
		5F9CF6011E58929700FC40C3 /* untitled.png */ = {isa = PBXFileReference; lastKnownFileType = image.png; name = untitled.png; path = ../untitled.png; sourceTree = "<group>"; };
		5F9CF6031E58940D00FC40C3 /* untitled (1).png */ = {isa = PBXFileReference; lastKnownFileType = image.png; path = "untitled (1).png"; sourceTree = "<group>"; };
		5F9CF6051E5894A900FC40C3 /* untitled (2).png */ = {isa = PBXFileReference; lastKnownFileType = image.png; path = "untitled (2).png"; sourceTree = "<group>"; };
		5FBC4BBC1E38E63D004E64A6 /* myTrendsViewController.swift */ = {isa = PBXFileReference; fileEncoding = 4; lastKnownFileType = sourcecode.swift; path = myTrendsViewController.swift; sourceTree = "<group>"; };
		5FC1EF6B1E1FC90F00CF379A /* UITextField.swift */ = {isa = PBXFileReference; fileEncoding = 4; lastKnownFileType = sourcecode.swift; path = UITextField.swift; sourceTree = "<group>"; };
		5FCC00981E17B90B005201C2 /* Profile.swift */ = {isa = PBXFileReference; fileEncoding = 4; lastKnownFileType = sourcecode.swift; path = Profile.swift; sourceTree = "<group>"; };
		5FCC009A1E17BC36005201C2 /* AppStatus.swift */ = {isa = PBXFileReference; fileEncoding = 4; lastKnownFileType = sourcecode.swift; path = AppStatus.swift; sourceTree = "<group>"; };
/* End PBXFileReference section */

/* Begin PBXFrameworksBuildPhase section */
		5F6032E11E05E6150097639E /* Frameworks */ = {
			isa = PBXFrameworksBuildPhase;
			buildActionMask = 2147483647;
			files = (
			);
			runOnlyForDeploymentPostprocessing = 0;
		};
/* End PBXFrameworksBuildPhase section */

/* Begin PBXGroup section */
		5F02F6D81E117F330030F54E /* ViewControllers */ = {
			isa = PBXGroup;
			children = (
				5F60330E1E05EC9E0097639E /* myHomeViewController.swift */,
				5F6142781E12D781004DC079 /* myAssessmentsViewController.swift */,
				5FBC4BBC1E38E63D004E64A6 /* myTrendsViewController.swift */,
				5F8C8F351E4C4B0F003A14E3 /* mySettingsViewController.swift */,
				5F63D3781E225BBB005FB875 /* AssessmentDetailViewController.swift */,
			);
			name = ViewControllers;
			sourceTree = "<group>";
		};
		5F02F6D91E117F580030F54E /* UserObjects */ = {
			isa = PBXGroup;
			children = (
				5F02F6DC1E1183AC0030F54E /* Assessment.swift */,
				5FCC00981E17B90B005201C2 /* Profile.swift */,
				5F61427A1E13DC3D004DC079 /* Subject.swift */,
				5F8C8F331E4C425C003A14E3 /* YearLevel.swift */,
				5F8C8F371E4D327A003A14E3 /* SubjectGradeCalculation.swift */,
			);
			name = UserObjects;
			sourceTree = "<group>";
		};
		5F02F6DA1E117F770030F54E /* Extensions */ = {
			isa = PBXGroup;
			children = (
				5F7D24DA1E30FC310091FD2C /* DateFormatter.swift */,
				5F02F6D61E1136B30030F54E /* String.swift */,
				5F02F6DE1E1191710030F54E /* UIView.swift */,
				5FC1EF6B1E1FC90F00CF379A /* UITextField.swift */,
				5F63D3561E20C428005FB875 /* UISearchBar.swift */,
				5F9680E11E266ED1001CF7B4 /* UINavigationController.swift */,
				5F5969721E2B51BD001EA42A /* Date.swift */,
			);
			name = Extensions;
			sourceTree = "<group>";
		};
		5F02F6DB1E117FA20030F54E /* CustomObjects */ = {
			isa = PBXGroup;
			children = (
				5F9CF5FD1E553B9500FC40C3 /* IndexedSum.swift */,
				5F02F6CC1E0DC5DE0030F54E /* RecentAssessmentView.swift */,
				5F1BACA61E0D776800CFDD6D /* BorderedView.swift */,
				5F2B3FFB1E47272500FAAA74 /* UnderlinedLabel.swift */,
				5F6142821E14DD1D004DC079 /* AssessmentCell.swift */,
				5F6142831E14DD1D004DC079 /* AssessmentCell.xib */,
				5F02F6CE1E0DCC4A0030F54E /* RecentAssessmentView.xib */,
			);
			name = CustomObjects;
			sourceTree = "<group>";
		};
		5F6032DB1E05E6150097639E = {
			isa = PBXGroup;
			children = (
				5F6032E61E05E6150097639E /* myPredictedGrade */,
				5F6032E51E05E6150097639E /* Products */,
				5F6032FD1E05EB480097639E /* Resources */,
			);
			sourceTree = "<group>";
		};
		5F6032E51E05E6150097639E /* Products */ = {
			isa = PBXGroup;
			children = (
				5F6032E41E05E6150097639E /* myPredictedGrade.app */,
			);
			name = Products;
			sourceTree = "<group>";
		};
		5F6032E61E05E6150097639E /* myPredictedGrade */ = {
			isa = PBXGroup;
			children = (
				5F6032E71E05E6150097639E /* AppDelegate.swift */,
				5FCC009A1E17BC36005201C2 /* AppStatus.swift */,
				5F02F6D81E117F330030F54E /* ViewControllers */,
				5F02F6D91E117F580030F54E /* UserObjects */,
				5F6032ED1E05E6150097639E /* Main.storyboard */,
				5F02F6DB1E117FA20030F54E /* CustomObjects */,
				5F02F6DA1E117F770030F54E /* Extensions */,
				5F6032F01E05E6150097639E /* Assets.xcassets */,
				5F6032F21E05E6150097639E /* LaunchScreen.storyboard */,
				5F6032F51E05E6150097639E /* Info.plist */,
				5F8C8F311E4C2B0A003A14E3 /* gradePercentiles.json */,
				5F9CF5FF1E58816E00FC40C3 /* gradeBoundaries.json */,
				5F9CF6011E58929700FC40C3 /* untitled.png */,
				5F9CF6031E58940D00FC40C3 /* untitled (1).png */,
				5F9CF6051E5894A900FC40C3 /* untitled (2).png */,
			);
			path = myPredictedGrade;
			sourceTree = "<group>";
		};
		5F6032FD1E05EB480097639E /* Resources */ = {
			isa = PBXGroup;
			children = (
			);
			name = Resources;
			sourceTree = "<group>";
		};
/* End PBXGroup section */

/* Begin PBXNativeTarget section */
		5F6032E31E05E6150097639E /* myPredictedGrade */ = {
			isa = PBXNativeTarget;
			buildConfigurationList = 5F6032F81E05E6150097639E /* Build configuration list for PBXNativeTarget "myPredictedGrade" */;
			buildPhases = (
				5F6032E01E05E6150097639E /* Sources */,
				5F6032E11E05E6150097639E /* Frameworks */,
				5F6032E21E05E6150097639E /* Resources */,
			);
			buildRules = (
			);
			dependencies = (
			);
			name = myPredictedGrade;
			productName = myPredictedGrade;
			productReference = 5F6032E41E05E6150097639E /* myPredictedGrade.app */;
			productType = "com.apple.product-type.application";
		};
/* End PBXNativeTarget section */

/* Begin PBXProject section */
		5F6032DC1E05E6150097639E /* Project object */ = {
			isa = PBXProject;
			attributes = {
				LastSwiftUpdateCheck = 0820;
				LastUpgradeCheck = 0820;
				ORGANIZATIONNAME = "Ben LOWRY";
				TargetAttributes = {
					5F6032E31E05E6150097639E = {
						CreatedOnToolsVersion = 8.2;
						DevelopmentTeam = QS5G68243B;
						ProvisioningStyle = Automatic;
					};
				};
			};
			buildConfigurationList = 5F6032DF1E05E6150097639E /* Build configuration list for PBXProject "myPredictedGrade" */;
			compatibilityVersion = "Xcode 3.2";
			developmentRegion = English;
			hasScannedForEncodings = 0;
			knownRegions = (
				en,
				Base,
			);
			mainGroup = 5F6032DB1E05E6150097639E;
			productRefGroup = 5F6032E51E05E6150097639E /* Products */;
			projectDirPath = "";
			projectRoot = "";
			targets = (
				5F6032E31E05E6150097639E /* myPredictedGrade */,
			);
		};
/* End PBXProject section */

/* Begin PBXResourcesBuildPhase section */
		5F6032E21E05E6150097639E /* Resources */ = {
			isa = PBXResourcesBuildPhase;
			buildActionMask = 2147483647;
			files = (
				5F9CF6021E58929700FC40C3 /* untitled.png in Resources */,
				5F8C8F321E4C2B0A003A14E3 /* gradePercentiles.json in Resources */,
				5F9CF6041E58940D00FC40C3 /* untitled (1).png in Resources */,
				5F6032F41E05E6150097639E /* LaunchScreen.storyboard in Resources */,
				5F02F6CF1E0DCC4A0030F54E /* RecentAssessmentView.xib in Resources */,
				5F6032F11E05E6150097639E /* Assets.xcassets in Resources */,
				5F6142851E14DD1D004DC079 /* AssessmentCell.xib in Resources */,
				5F9CF6061E5894A900FC40C3 /* untitled (2).png in Resources */,
				5F6032EF1E05E6150097639E /* Main.storyboard in Resources */,
				5F9CF6001E58816E00FC40C3 /* gradeBoundaries.json in Resources */,
			);
			runOnlyForDeploymentPostprocessing = 0;
		};
/* End PBXResourcesBuildPhase section */

/* Begin PBXSourcesBuildPhase section */
		5F6032E01E05E6150097639E /* Sources */ = {
			isa = PBXSourcesBuildPhase;
			buildActionMask = 2147483647;
			files = (
				5F7D24DB1E30FC310091FD2C /* DateFormatter.swift in Sources */,
				5F9CF5FE1E553B9500FC40C3 /* IndexedSum.swift in Sources */,
				5F02F6DF1E1191710030F54E /* UIView.swift in Sources */,
				5F8C8F381E4D327A003A14E3 /* SubjectGradeCalculation.swift in Sources */,
				5FCC00991E17B90B005201C2 /* Profile.swift in Sources */,
				5F63D3571E20C428005FB875 /* UISearchBar.swift in Sources */,
				5F6032E81E05E6150097639E /* AppDelegate.swift in Sources */,
				5F8C8F361E4C4B0F003A14E3 /* mySettingsViewController.swift in Sources */,
				5F02F6CD1E0DC5DE0030F54E /* RecentAssessmentView.swift in Sources */,
				5F60330F1E05EC9E0097639E /* myHomeViewController.swift in Sources */,
				5FBC4BBD1E38E63D004E64A6 /* myTrendsViewController.swift in Sources */,
				5F02F6D71E1136B30030F54E /* String.swift in Sources */,
				5F5969731E2B51BD001EA42A /* Date.swift in Sources */,
				5F63D3791E225BBB005FB875 /* AssessmentDetailViewController.swift in Sources */,
				5F6142791E12D781004DC079 /* myAssessmentsViewController.swift in Sources */,
				5F9680E21E266ED1001CF7B4 /* UINavigationController.swift in Sources */,
				5F61427B1E13DC3D004DC079 /* Subject.swift in Sources */,
				5F2B3FFC1E47272500FAAA74 /* UnderlinedLabel.swift in Sources */,
				5FC1EF6C1E1FC90F00CF379A /* UITextField.swift in Sources */,
				5F1BACA71E0D776800CFDD6D /* BorderedView.swift in Sources */,
				5F02F6DD1E1183AC0030F54E /* Assessment.swift in Sources */,
				5F6142841E14DD1D004DC079 /* AssessmentCell.swift in Sources */,
				5FCC009B1E17BC36005201C2 /* AppStatus.swift in Sources */,
				5F8C8F341E4C425C003A14E3 /* YearLevel.swift in Sources */,
			);
			runOnlyForDeploymentPostprocessing = 0;
		};
/* End PBXSourcesBuildPhase section */

/* Begin PBXVariantGroup section */
		5F6032ED1E05E6150097639E /* Main.storyboard */ = {
			isa = PBXVariantGroup;
			children = (
				5F6032EE1E05E6150097639E /* Base */,
			);
			name = Main.storyboard;
			sourceTree = "<group>";
		};
		5F6032F21E05E6150097639E /* LaunchScreen.storyboard */ = {
			isa = PBXVariantGroup;
			children = (
				5F6032F31E05E6150097639E /* Base */,
			);
			name = LaunchScreen.storyboard;
			sourceTree = "<group>";
		};
/* End PBXVariantGroup section */

/* Begin XCBuildConfiguration section */
		5F6032F61E05E6150097639E /* Debug */ = {
			isa = XCBuildConfiguration;
			buildSettings = {
				ALWAYS_SEARCH_USER_PATHS = NO;
				CLANG_ANALYZER_NONNULL = YES;
				CLANG_CXX_LANGUAGE_STANDARD = "gnu++0x";
				CLANG_CXX_LIBRARY = "libc++";
				CLANG_ENABLE_MODULES = YES;
				CLANG_ENABLE_OBJC_ARC = YES;
				CLANG_WARN_BOOL_CONVERSION = YES;
				CLANG_WARN_CONSTANT_CONVERSION = YES;
				CLANG_WARN_DIRECT_OBJC_ISA_USAGE = YES_ERROR;
				CLANG_WARN_DOCUMENTATION_COMMENTS = YES;
				CLANG_WARN_EMPTY_BODY = YES;
				CLANG_WARN_ENUM_CONVERSION = YES;
				CLANG_WARN_INFINITE_RECURSION = YES;
				CLANG_WARN_INT_CONVERSION = YES;
				CLANG_WARN_OBJC_ROOT_CLASS = YES_ERROR;
				CLANG_WARN_SUSPICIOUS_MOVE = YES;
				CLANG_WARN_UNREACHABLE_CODE = YES;
				CLANG_WARN__DUPLICATE_METHOD_MATCH = YES;
				"CODE_SIGN_IDENTITY[sdk=iphoneos*]" = "iPhone Developer";
				COPY_PHASE_STRIP = NO;
				DEBUG_INFORMATION_FORMAT = dwarf;
				ENABLE_STRICT_OBJC_MSGSEND = YES;
				ENABLE_TESTABILITY = YES;
				GCC_C_LANGUAGE_STANDARD = gnu99;
				GCC_DYNAMIC_NO_PIC = NO;
				GCC_NO_COMMON_BLOCKS = YES;
				GCC_OPTIMIZATION_LEVEL = 0;
				GCC_PREPROCESSOR_DEFINITIONS = (
					"DEBUG=1",
					"$(inherited)",
				);
				GCC_WARN_64_TO_32_BIT_CONVERSION = YES;
				GCC_WARN_ABOUT_RETURN_TYPE = YES_ERROR;
				GCC_WARN_UNDECLARED_SELECTOR = YES;
				GCC_WARN_UNINITIALIZED_AUTOS = YES_AGGRESSIVE;
				GCC_WARN_UNUSED_FUNCTION = YES;
				GCC_WARN_UNUSED_VARIABLE = YES;
				IPHONEOS_DEPLOYMENT_TARGET = 10.2;
				MTL_ENABLE_DEBUG_INFO = YES;
				ONLY_ACTIVE_ARCH = YES;
				SDKROOT = iphoneos;
				SWIFT_ACTIVE_COMPILATION_CONDITIONS = DEBUG;
				SWIFT_OPTIMIZATION_LEVEL = "-Onone";
			};
			name = Debug;
		};
		5F6032F71E05E6150097639E /* Release */ = {
			isa = XCBuildConfiguration;
			buildSettings = {
				ALWAYS_SEARCH_USER_PATHS = NO;
				CLANG_ANALYZER_NONNULL = YES;
				CLANG_CXX_LANGUAGE_STANDARD = "gnu++0x";
				CLANG_CXX_LIBRARY = "libc++";
				CLANG_ENABLE_MODULES = YES;
				CLANG_ENABLE_OBJC_ARC = YES;
				CLANG_WARN_BOOL_CONVERSION = YES;
				CLANG_WARN_CONSTANT_CONVERSION = YES;
				CLANG_WARN_DIRECT_OBJC_ISA_USAGE = YES_ERROR;
				CLANG_WARN_DOCUMENTATION_COMMENTS = YES;
				CLANG_WARN_EMPTY_BODY = YES;
				CLANG_WARN_ENUM_CONVERSION = YES;
				CLANG_WARN_INFINITE_RECURSION = YES;
				CLANG_WARN_INT_CONVERSION = YES;
				CLANG_WARN_OBJC_ROOT_CLASS = YES_ERROR;
				CLANG_WARN_SUSPICIOUS_MOVE = YES;
				CLANG_WARN_UNREACHABLE_CODE = YES;
				CLANG_WARN__DUPLICATE_METHOD_MATCH = YES;
				"CODE_SIGN_IDENTITY[sdk=iphoneos*]" = "iPhone Developer";
				COPY_PHASE_STRIP = NO;
				DEBUG_INFORMATION_FORMAT = "dwarf-with-dsym";
				ENABLE_NS_ASSERTIONS = NO;
				ENABLE_STRICT_OBJC_MSGSEND = YES;
				GCC_C_LANGUAGE_STANDARD = gnu99;
				GCC_NO_COMMON_BLOCKS = YES;
				GCC_WARN_64_TO_32_BIT_CONVERSION = YES;
				GCC_WARN_ABOUT_RETURN_TYPE = YES_ERROR;
				GCC_WARN_UNDECLARED_SELECTOR = YES;
				GCC_WARN_UNINITIALIZED_AUTOS = YES_AGGRESSIVE;
				GCC_WARN_UNUSED_FUNCTION = YES;
				GCC_WARN_UNUSED_VARIABLE = YES;
				IPHONEOS_DEPLOYMENT_TARGET = 10.2;
				MTL_ENABLE_DEBUG_INFO = NO;
				SDKROOT = iphoneos;
				SWIFT_OPTIMIZATION_LEVEL = "-Owholemodule";
				VALIDATE_PRODUCT = YES;
			};
			name = Release;
		};
		5F6032F91E05E6150097639E /* Debug */ = {
			isa = XCBuildConfiguration;
			buildSettings = {
				ASSETCATALOG_COMPILER_APPICON_NAME = AppIcon;
				DEVELOPMENT_TEAM = QS5G68243B;
				INFOPLIST_FILE = myPredictedGrade/Info.plist;
				IPHONEOS_DEPLOYMENT_TARGET = 10.0;
				LD_RUNPATH_SEARCH_PATHS = "$(inherited) @executable_path/Frameworks";
				PRODUCT_BUNDLE_IDENTIFIER = com.benlowryscode.mypredictedgrade;
				PRODUCT_NAME = "$(TARGET_NAME)";
				SWIFT_VERSION = 3.0;
			};
			name = Debug;
		};
		5F6032FA1E05E6150097639E /* Release */ = {
			isa = XCBuildConfiguration;
			buildSettings = {
				ASSETCATALOG_COMPILER_APPICON_NAME = AppIcon;
				DEVELOPMENT_TEAM = QS5G68243B;
				INFOPLIST_FILE = myPredictedGrade/Info.plist;
				IPHONEOS_DEPLOYMENT_TARGET = 10.0;
				LD_RUNPATH_SEARCH_PATHS = "$(inherited) @executable_path/Frameworks";
				PRODUCT_BUNDLE_IDENTIFIER = com.benlowryscode.mypredictedgrade;
				PRODUCT_NAME = "$(TARGET_NAME)";
				SWIFT_VERSION = 3.0;
			};
			name = Release;
		};
/* End XCBuildConfiguration section */

/* Begin XCConfigurationList section */
		5F6032DF1E05E6150097639E /* Build configuration list for PBXProject "myPredictedGrade" */ = {
			isa = XCConfigurationList;
			buildConfigurations = (
				5F6032F61E05E6150097639E /* Debug */,
				5F6032F71E05E6150097639E /* Release */,
			);
			defaultConfigurationIsVisible = 0;
			defaultConfigurationName = Release;
		};
		5F6032F81E05E6150097639E /* Build configuration list for PBXNativeTarget "myPredictedGrade" */ = {
			isa = XCConfigurationList;
			buildConfigurations = (
				5F6032F91E05E6150097639E /* Debug */,
				5F6032FA1E05E6150097639E /* Release */,
			);
			defaultConfigurationIsVisible = 0;
			defaultConfigurationName = Release;
		};
/* End XCConfigurationList section */
	};
	rootObject = 5F6032DC1E05E6150097639E /* Project object */;
}
