// !$*UTF8*$!
{
	archiveVersion = 1;
	classes = {
	};
	objectVersion = 46;
	objects = {

/* Begin PBXBuildFile section */
		5F02F6CD1E0DC5DE0030F54E /* RecentAssessmentView.swift in Sources */ = {isa = PBXBuildFile; fileRef = 5F02F6CC1E0DC5DE0030F54E /* RecentAssessmentView.swift */; };
		5F02F6CF1E0DCC4A0030F54E /* RecentAssessmentView.xib in Resources */ = {isa = PBXBuildFile; fileRef = 5F02F6CE1E0DCC4A0030F54E /* RecentAssessmentView.xib */; };
		5F02F6D71E1136B30030F54E /* String.swift in Sources */ = {isa = PBXBuildFile; fileRef = 5F02F6D61E1136B30030F54E /* String.swift */; };
		5F02F6DD1E1183AC0030F54E /* Assessment.swift in Sources */ = {isa = PBXBuildFile; fileRef = 5F02F6DC1E1183AC0030F54E /* Assessment.swift */; };
		5F02F6DF1E1191710030F54E /* UIView.swift in Sources */ = {isa = PBXBuildFile; fileRef = 5F02F6DE1E1191710030F54E /* UIView.swift */; };
		5F10BBBC1F09DAC6001E3A4F /* RequestSubjectViewController.swift in Sources */ = {isa = PBXBuildFile; fileRef = 5F10BBBB1F09DAC6001E3A4F /* RequestSubjectViewController.swift */; };
		5F10BBBE1F0A7480001E3A4F /* Alert.swift in Sources */ = {isa = PBXBuildFile; fileRef = 5F10BBBD1F0A7480001E3A4F /* Alert.swift */; };
		5F1BACA71E0D776800CFDD6D /* BorderedView.swift in Sources */ = {isa = PBXBuildFile; fileRef = 5F1BACA61E0D776800CFDD6D /* BorderedView.swift */; };
		5F2B3FFC1E47272500FAAA74 /* UnderlinedLabel.swift in Sources */ = {isa = PBXBuildFile; fileRef = 5F2B3FFB1E47272500FAAA74 /* UnderlinedLabel.swift */; };
		5F5969731E2B51BD001EA42A /* Date.swift in Sources */ = {isa = PBXBuildFile; fileRef = 5F5969721E2B51BD001EA42A /* Date.swift */; };
		5F5C2CCA1F610449002582DA /* untitled (1).png in Resources */ = {isa = PBXBuildFile; fileRef = 5F5C2CC91F610449002582DA /* untitled (1).png */; };
		5F5C2CCC1F618655002582DA /* MyTOKEEAxisFormatter.swift in Sources */ = {isa = PBXBuildFile; fileRef = 5F5C2CCB1F618655002582DA /* MyTOKEEAxisFormatter.swift */; };
		5F5C2CCE1F6193BA002582DA /* CustomNumberFormatter.swift in Sources */ = {isa = PBXBuildFile; fileRef = 5F5C2CCD1F6193BA002582DA /* CustomNumberFormatter.swift */; };
		5F5C2CD01F619C01002582DA /* MyTOKEEValueFormatter.swift in Sources */ = {isa = PBXBuildFile; fileRef = 5F5C2CCF1F619C01002582DA /* MyTOKEEValueFormatter.swift */; };
		5F6032E81E05E6150097639E /* AppDelegate.swift in Sources */ = {isa = PBXBuildFile; fileRef = 5F6032E71E05E6150097639E /* AppDelegate.swift */; };
		5F6032EF1E05E6150097639E /* Main.storyboard in Resources */ = {isa = PBXBuildFile; fileRef = 5F6032ED1E05E6150097639E /* Main.storyboard */; };
		5F6032F11E05E6150097639E /* Assets.xcassets in Resources */ = {isa = PBXBuildFile; fileRef = 5F6032F01E05E6150097639E /* Assets.xcassets */; };
		5F6032F41E05E6150097639E /* LaunchScreen.storyboard in Resources */ = {isa = PBXBuildFile; fileRef = 5F6032F21E05E6150097639E /* LaunchScreen.storyboard */; };
		5F60330F1E05EC9E0097639E /* myHomeViewController.swift in Sources */ = {isa = PBXBuildFile; fileRef = 5F60330E1E05EC9E0097639E /* myHomeViewController.swift */; };
		5F60C3281EB462B30062DFC5 /* OverallGradeSnapshot.swift in Sources */ = {isa = PBXBuildFile; fileRef = 5F60C3271EB462B30062DFC5 /* OverallGradeSnapshot.swift */; };
		5F60C32A1EB46DBA0062DFC5 /* YearLevelObject.swift in Sources */ = {isa = PBXBuildFile; fileRef = 5F60C3291EB46DBA0062DFC5 /* YearLevelObject.swift */; };
		5F6142791E12D781004DC079 /* myAssessmentsViewController.swift in Sources */ = {isa = PBXBuildFile; fileRef = 5F6142781E12D781004DC079 /* myAssessmentsViewController.swift */; };
		5F61427B1E13DC3D004DC079 /* SubjectObject.swift in Sources */ = {isa = PBXBuildFile; fileRef = 5F61427A1E13DC3D004DC079 /* SubjectObject.swift */; };
		5F6142841E14DD1D004DC079 /* AssessmentCell.swift in Sources */ = {isa = PBXBuildFile; fileRef = 5F6142821E14DD1D004DC079 /* AssessmentCell.swift */; };
		5F6142851E14DD1D004DC079 /* AssessmentCell.xib in Resources */ = {isa = PBXBuildFile; fileRef = 5F6142831E14DD1D004DC079 /* AssessmentCell.xib */; };
		5F63D3571E20C428005FB875 /* UISearchBar.swift in Sources */ = {isa = PBXBuildFile; fileRef = 5F63D3561E20C428005FB875 /* UISearchBar.swift */; };
		5F63D3791E225BBB005FB875 /* AssessmentDetailViewController.swift in Sources */ = {isa = PBXBuildFile; fileRef = 5F63D3781E225BBB005FB875 /* AssessmentDetailViewController.swift */; };
		5F644A361F065333002D7EB3 /* ColorConfirmationViewController.swift in Sources */ = {isa = PBXBuildFile; fileRef = 5F644A351F065333002D7EB3 /* ColorConfirmationViewController.swift */; };
		5F6C57541F404F6D003AEF89 /* SettingsFAQViewController.swift in Sources */ = {isa = PBXBuildFile; fileRef = 5F6C57531F404F6D003AEF89 /* SettingsFAQViewController.swift */; };
		5F6F6D561E601EDF0035B196 /* Snapshot.swift in Sources */ = {isa = PBXBuildFile; fileRef = 5F6F6D551E601EDF0035B196 /* Snapshot.swift */; };
		5F6F6D581E601F6B0035B196 /* SubjectSnapshot.swift in Sources */ = {isa = PBXBuildFile; fileRef = 5F6F6D571E601F6B0035B196 /* SubjectSnapshot.swift */; };
		5F6FF6811E5DD4F20004CAEF /* MyValueFormatter.swift in Sources */ = {isa = PBXBuildFile; fileRef = 5F6FF6801E5DD4F20004CAEF /* MyValueFormatter.swift */; };
		5F6FF6831E5DD8720004CAEF /* MyAxisFormatter.swift in Sources */ = {isa = PBXBuildFile; fileRef = 5F6FF6821E5DD8720004CAEF /* MyAxisFormatter.swift */; };
		5F7AC7501EE6EFE1008660C4 /* SubjectSelectionTableViewController.swift in Sources */ = {isa = PBXBuildFile; fileRef = 5F7AC74F1EE6EFE1008660C4 /* SubjectSelectionTableViewController.swift */; };
		5F7D24DB1E30FC310091FD2C /* DateFormatter.swift in Sources */ = {isa = PBXBuildFile; fileRef = 5F7D24DA1E30FC310091FD2C /* DateFormatter.swift */; };
		5F8C8F321E4C2B0A003A14E3 /* gradePercentiles.json in Resources */ = {isa = PBXBuildFile; fileRef = 5F8C8F311E4C2B0A003A14E3 /* gradePercentiles.json */; };
		5F8C8F361E4C4B0F003A14E3 /* mySettingsViewController.swift in Sources */ = {isa = PBXBuildFile; fileRef = 5F8C8F351E4C4B0F003A14E3 /* mySettingsViewController.swift */; };
		5F8C8F381E4D327A003A14E3 /* SubjectGradeCalculation.swift in Sources */ = {isa = PBXBuildFile; fileRef = 5F8C8F371E4D327A003A14E3 /* SubjectGradeCalculation.swift */; };
		5F9235221F49C86A00D56908 /* DisclaimerViewController.swift in Sources */ = {isa = PBXBuildFile; fileRef = 5F9235211F49C86A00D56908 /* DisclaimerViewController.swift */; };
		5F9235241F49CA0400D56908 /* untitled.png in Resources */ = {isa = PBXBuildFile; fileRef = 5F9235231F49CA0400D56908 /* untitled.png */; };
		5F9680E21E266ED1001CF7B4 /* UINavigationController.swift in Sources */ = {isa = PBXBuildFile; fileRef = 5F9680E11E266ED1001CF7B4 /* UINavigationController.swift */; };
		5F9A31331EE99C4100996D1A /* PersonalInformationViewController.swift in Sources */ = {isa = PBXBuildFile; fileRef = 5F9A31321EE99C4100996D1A /* PersonalInformationViewController.swift */; };
		5F9CF5FE1E553B9500FC40C3 /* IndexedSum.swift in Sources */ = {isa = PBXBuildFile; fileRef = 5F9CF5FD1E553B9500FC40C3 /* IndexedSum.swift */; };
		5F9CF6001E58816E00FC40C3 /* gradeBoundaries.json in Resources */ = {isa = PBXBuildFile; fileRef = 5F9CF5FF1E58816E00FC40C3 /* gradeBoundaries.json */; };
		5F9E64D61F5BF81E00AD6F89 /* Charts.framework in Frameworks */ = {isa = PBXBuildFile; fileRef = 5F2F14181F517978001517C8 /* Charts.framework */; };
		5F9E64D71F5BF81E00AD6F89 /* Charts.framework in Embed Frameworks */ = {isa = PBXBuildFile; fileRef = 5F2F14181F517978001517C8 /* Charts.framework */; settings = {ATTRIBUTES = (CodeSignOnCopy, RemoveHeadersOnCopy, ); }; };
		5FA448401F4D789900C88878 /* TrendsFAQViewController.swift in Sources */ = {isa = PBXBuildFile; fileRef = 5FA4483F1F4D789900C88878 /* TrendsFAQViewController.swift */; };
		5FA5095A1EEED99300684565 /* ColorSelectionViewController.swift in Sources */ = {isa = PBXBuildFile; fileRef = 5FA509591EEED99300684565 /* ColorSelectionViewController.swift */; };
		5FBC4BBD1E38E63D004E64A6 /* myTrendsViewController.swift in Sources */ = {isa = PBXBuildFile; fileRef = 5FBC4BBC1E38E63D004E64A6 /* myTrendsViewController.swift */; };
		5FC1EF6C1E1FC90F00CF379A /* UITextField.swift in Sources */ = {isa = PBXBuildFile; fileRef = 5FC1EF6B1E1FC90F00CF379A /* UITextField.swift */; };
		5FCC00991E17B90B005201C2 /* Profile.swift in Sources */ = {isa = PBXBuildFile; fileRef = 5FCC00981E17B90B005201C2 /* Profile.swift */; };
		5FCC009B1E17BC36005201C2 /* AppStatus.swift in Sources */ = {isa = PBXBuildFile; fileRef = 5FCC009A1E17BC36005201C2 /* AppStatus.swift */; };
		5FCE9FE91F4481BE00FD341C /* TOKAssessment.swift in Sources */ = {isa = PBXBuildFile; fileRef = 5FCE9FE81F4481BE00FD341C /* TOKAssessment.swift */; };
/* End PBXBuildFile section */

/* Begin PBXCopyFilesBuildPhase section */
		5F9E64D81F5BF81E00AD6F89 /* Embed Frameworks */ = {
			isa = PBXCopyFilesBuildPhase;
			buildActionMask = 2147483647;
			dstPath = "";
			dstSubfolderSpec = 10;
			files = (
				5F9E64D71F5BF81E00AD6F89 /* Charts.framework in Embed Frameworks */,
			);
			name = "Embed Frameworks";
			runOnlyForDeploymentPostprocessing = 0;
		};
/* End PBXCopyFilesBuildPhase section */

/* Begin PBXFileReference section */
		33F212EFA0A4DC55FFE2FE4E /* Pods-myPredictedGrade.debug.xcconfig */ = {isa = PBXFileReference; includeInIndex = 1; lastKnownFileType = text.xcconfig; name = "Pods-myPredictedGrade.debug.xcconfig"; path = "Pods/Target Support Files/Pods-myPredictedGrade/Pods-myPredictedGrade.debug.xcconfig"; sourceTree = "<group>"; };
		5F02F6CC1E0DC5DE0030F54E /* RecentAssessmentView.swift */ = {isa = PBXFileReference; fileEncoding = 4; lastKnownFileType = sourcecode.swift; path = RecentAssessmentView.swift; sourceTree = "<group>"; };
		5F02F6CE1E0DCC4A0030F54E /* RecentAssessmentView.xib */ = {isa = PBXFileReference; fileEncoding = 4; lastKnownFileType = file.xib; path = RecentAssessmentView.xib; sourceTree = "<group>"; };
		5F02F6D61E1136B30030F54E /* String.swift */ = {isa = PBXFileReference; fileEncoding = 4; lastKnownFileType = sourcecode.swift; path = String.swift; sourceTree = "<group>"; };
		5F02F6DC1E1183AC0030F54E /* Assessment.swift */ = {isa = PBXFileReference; fileEncoding = 4; lastKnownFileType = sourcecode.swift; path = Assessment.swift; sourceTree = "<group>"; };
		5F02F6DE1E1191710030F54E /* UIView.swift */ = {isa = PBXFileReference; fileEncoding = 4; lastKnownFileType = sourcecode.swift; path = UIView.swift; sourceTree = "<group>"; };
		5F10BBBB1F09DAC6001E3A4F /* RequestSubjectViewController.swift */ = {isa = PBXFileReference; fileEncoding = 4; lastKnownFileType = sourcecode.swift; path = RequestSubjectViewController.swift; sourceTree = "<group>"; };
		5F10BBBD1F0A7480001E3A4F /* Alert.swift */ = {isa = PBXFileReference; fileEncoding = 4; lastKnownFileType = sourcecode.swift; path = Alert.swift; sourceTree = "<group>"; };
		5F1BACA61E0D776800CFDD6D /* BorderedView.swift */ = {isa = PBXFileReference; fileEncoding = 4; lastKnownFileType = sourcecode.swift; path = BorderedView.swift; sourceTree = "<group>"; };
		5F2B3FFB1E47272500FAAA74 /* UnderlinedLabel.swift */ = {isa = PBXFileReference; fileEncoding = 4; lastKnownFileType = sourcecode.swift; path = UnderlinedLabel.swift; sourceTree = "<group>"; };
		5F2F14181F517978001517C8 /* Charts.framework */ = {isa = PBXFileReference; lastKnownFileType = wrapper.framework; name = Charts.framework; path = "../../../../../../Library/Developer/Xcode/DerivedData/myPredictedGrade-dzicivgxgutzupczscesmlsxkbfo/Build/Products/Debug-iphoneos/Charts/Charts.framework"; sourceTree = "<group>"; };
		5F5969721E2B51BD001EA42A /* Date.swift */ = {isa = PBXFileReference; fileEncoding = 4; lastKnownFileType = sourcecode.swift; path = Date.swift; sourceTree = "<group>"; };
		5F5C2CC91F610449002582DA /* untitled (1).png */ = {isa = PBXFileReference; lastKnownFileType = image.png; name = "untitled (1).png"; path = "myPredictedGrade/untitled (1).png"; sourceTree = "<group>"; };
		5F5C2CCB1F618655002582DA /* MyTOKEEAxisFormatter.swift */ = {isa = PBXFileReference; fileEncoding = 4; lastKnownFileType = sourcecode.swift; path = MyTOKEEAxisFormatter.swift; sourceTree = "<group>"; };
		5F5C2CCD1F6193BA002582DA /* CustomNumberFormatter.swift */ = {isa = PBXFileReference; fileEncoding = 4; lastKnownFileType = sourcecode.swift; path = CustomNumberFormatter.swift; sourceTree = "<group>"; };
		5F5C2CCF1F619C01002582DA /* MyTOKEEValueFormatter.swift */ = {isa = PBXFileReference; fileEncoding = 4; lastKnownFileType = sourcecode.swift; path = MyTOKEEValueFormatter.swift; sourceTree = "<group>"; };
		5F6032E41E05E6150097639E /* myPredictedGrade.app */ = {isa = PBXFileReference; explicitFileType = wrapper.application; includeInIndex = 0; path = myPredictedGrade.app; sourceTree = BUILT_PRODUCTS_DIR; };
		5F6032E71E05E6150097639E /* AppDelegate.swift */ = {isa = PBXFileReference; lastKnownFileType = sourcecode.swift; path = AppDelegate.swift; sourceTree = "<group>"; };
		5F6032EE1E05E6150097639E /* Base */ = {isa = PBXFileReference; lastKnownFileType = file.storyboard; name = Base; path = Base.lproj/Main.storyboard; sourceTree = "<group>"; };
		5F6032F01E05E6150097639E /* Assets.xcassets */ = {isa = PBXFileReference; lastKnownFileType = folder.assetcatalog; path = Assets.xcassets; sourceTree = "<group>"; };
		5F6032F31E05E6150097639E /* Base */ = {isa = PBXFileReference; lastKnownFileType = file.storyboard; name = Base; path = Base.lproj/LaunchScreen.storyboard; sourceTree = "<group>"; };
		5F6032F51E05E6150097639E /* Info.plist */ = {isa = PBXFileReference; lastKnownFileType = text.plist.xml; path = Info.plist; sourceTree = "<group>"; };
		5F60330E1E05EC9E0097639E /* myHomeViewController.swift */ = {isa = PBXFileReference; fileEncoding = 4; lastKnownFileType = sourcecode.swift; path = myHomeViewController.swift; sourceTree = "<group>"; };
		5F60C3271EB462B30062DFC5 /* OverallGradeSnapshot.swift */ = {isa = PBXFileReference; fileEncoding = 4; lastKnownFileType = sourcecode.swift; path = OverallGradeSnapshot.swift; sourceTree = "<group>"; };
		5F60C3291EB46DBA0062DFC5 /* YearLevelObject.swift */ = {isa = PBXFileReference; fileEncoding = 4; lastKnownFileType = sourcecode.swift; path = YearLevelObject.swift; sourceTree = "<group>"; };
		5F6142781E12D781004DC079 /* myAssessmentsViewController.swift */ = {isa = PBXFileReference; fileEncoding = 4; lastKnownFileType = sourcecode.swift; path = myAssessmentsViewController.swift; sourceTree = "<group>"; };
		5F61427A1E13DC3D004DC079 /* SubjectObject.swift */ = {isa = PBXFileReference; fileEncoding = 4; lastKnownFileType = sourcecode.swift; path = SubjectObject.swift; sourceTree = "<group>"; };
		5F6142821E14DD1D004DC079 /* AssessmentCell.swift */ = {isa = PBXFileReference; fileEncoding = 4; lastKnownFileType = sourcecode.swift; path = AssessmentCell.swift; sourceTree = "<group>"; };
		5F6142831E14DD1D004DC079 /* AssessmentCell.xib */ = {isa = PBXFileReference; fileEncoding = 4; lastKnownFileType = file.xib; path = AssessmentCell.xib; sourceTree = "<group>"; };
		5F63D3561E20C428005FB875 /* UISearchBar.swift */ = {isa = PBXFileReference; fileEncoding = 4; lastKnownFileType = sourcecode.swift; path = UISearchBar.swift; sourceTree = "<group>"; };
		5F63D3781E225BBB005FB875 /* AssessmentDetailViewController.swift */ = {isa = PBXFileReference; fileEncoding = 4; lastKnownFileType = sourcecode.swift; path = AssessmentDetailViewController.swift; sourceTree = "<group>"; };
		5F644A351F065333002D7EB3 /* ColorConfirmationViewController.swift */ = {isa = PBXFileReference; fileEncoding = 4; lastKnownFileType = sourcecode.swift; path = ColorConfirmationViewController.swift; sourceTree = "<group>"; };
		5F6C57531F404F6D003AEF89 /* SettingsFAQViewController.swift */ = {isa = PBXFileReference; fileEncoding = 4; lastKnownFileType = sourcecode.swift; path = SettingsFAQViewController.swift; sourceTree = "<group>"; };
		5F6F6D551E601EDF0035B196 /* Snapshot.swift */ = {isa = PBXFileReference; fileEncoding = 4; lastKnownFileType = sourcecode.swift; path = Snapshot.swift; sourceTree = "<group>"; };
		5F6F6D571E601F6B0035B196 /* SubjectSnapshot.swift */ = {isa = PBXFileReference; fileEncoding = 4; lastKnownFileType = sourcecode.swift; path = SubjectSnapshot.swift; sourceTree = "<group>"; };
		5F6FF6801E5DD4F20004CAEF /* MyValueFormatter.swift */ = {isa = PBXFileReference; fileEncoding = 4; lastKnownFileType = sourcecode.swift; path = MyValueFormatter.swift; sourceTree = "<group>"; };
		5F6FF6821E5DD8720004CAEF /* MyAxisFormatter.swift */ = {isa = PBXFileReference; fileEncoding = 4; lastKnownFileType = sourcecode.swift; path = MyAxisFormatter.swift; sourceTree = "<group>"; };
		5F7AC74F1EE6EFE1008660C4 /* SubjectSelectionTableViewController.swift */ = {isa = PBXFileReference; fileEncoding = 4; lastKnownFileType = sourcecode.swift; path = SubjectSelectionTableViewController.swift; sourceTree = "<group>"; };
		5F7D24DA1E30FC310091FD2C /* DateFormatter.swift */ = {isa = PBXFileReference; fileEncoding = 4; lastKnownFileType = sourcecode.swift; path = DateFormatter.swift; sourceTree = "<group>"; };
		5F8C8F311E4C2B0A003A14E3 /* gradePercentiles.json */ = {isa = PBXFileReference; fileEncoding = 4; lastKnownFileType = text.json; path = gradePercentiles.json; sourceTree = "<group>"; };
		5F8C8F351E4C4B0F003A14E3 /* mySettingsViewController.swift */ = {isa = PBXFileReference; fileEncoding = 4; lastKnownFileType = sourcecode.swift; path = mySettingsViewController.swift; sourceTree = "<group>"; };
		5F8C8F371E4D327A003A14E3 /* SubjectGradeCalculation.swift */ = {isa = PBXFileReference; fileEncoding = 4; lastKnownFileType = sourcecode.swift; path = SubjectGradeCalculation.swift; sourceTree = "<group>"; };
		5F9235211F49C86A00D56908 /* DisclaimerViewController.swift */ = {isa = PBXFileReference; fileEncoding = 4; lastKnownFileType = sourcecode.swift; path = DisclaimerViewController.swift; sourceTree = "<group>"; };
		5F9235231F49CA0400D56908 /* untitled.png */ = {isa = PBXFileReference; lastKnownFileType = image.png; path = untitled.png; sourceTree = "<group>"; };
		5F9680E11E266ED1001CF7B4 /* UINavigationController.swift */ = {isa = PBXFileReference; fileEncoding = 4; lastKnownFileType = sourcecode.swift; path = UINavigationController.swift; sourceTree = "<group>"; };
		5F9A31321EE99C4100996D1A /* PersonalInformationViewController.swift */ = {isa = PBXFileReference; fileEncoding = 4; lastKnownFileType = sourcecode.swift; path = PersonalInformationViewController.swift; sourceTree = "<group>"; };
		5F9CF5FD1E553B9500FC40C3 /* IndexedSum.swift */ = {isa = PBXFileReference; fileEncoding = 4; lastKnownFileType = sourcecode.swift; path = IndexedSum.swift; sourceTree = "<group>"; };
		5F9CF5FF1E58816E00FC40C3 /* gradeBoundaries.json */ = {isa = PBXFileReference; fileEncoding = 4; lastKnownFileType = text.json; path = gradeBoundaries.json; sourceTree = "<group>"; };
		5FA4483F1F4D789900C88878 /* TrendsFAQViewController.swift */ = {isa = PBXFileReference; fileEncoding = 4; lastKnownFileType = sourcecode.swift; path = TrendsFAQViewController.swift; sourceTree = "<group>"; };
		5FA509591EEED99300684565 /* ColorSelectionViewController.swift */ = {isa = PBXFileReference; fileEncoding = 4; lastKnownFileType = sourcecode.swift; path = ColorSelectionViewController.swift; sourceTree = "<group>"; };
		5FBC4BBC1E38E63D004E64A6 /* myTrendsViewController.swift */ = {isa = PBXFileReference; fileEncoding = 4; lastKnownFileType = sourcecode.swift; path = myTrendsViewController.swift; sourceTree = "<group>"; };
		5FC1EF6B1E1FC90F00CF379A /* UITextField.swift */ = {isa = PBXFileReference; fileEncoding = 4; lastKnownFileType = sourcecode.swift; path = UITextField.swift; sourceTree = "<group>"; };
		5FCC00981E17B90B005201C2 /* Profile.swift */ = {isa = PBXFileReference; fileEncoding = 4; lastKnownFileType = sourcecode.swift; path = Profile.swift; sourceTree = "<group>"; };
		5FCC009A1E17BC36005201C2 /* AppStatus.swift */ = {isa = PBXFileReference; fileEncoding = 4; lastKnownFileType = sourcecode.swift; path = AppStatus.swift; sourceTree = "<group>"; };
		5FCE9FE81F4481BE00FD341C /* TOKAssessment.swift */ = {isa = PBXFileReference; fileEncoding = 4; lastKnownFileType = sourcecode.swift; path = TOKAssessment.swift; sourceTree = "<group>"; };
		8EFCFA22CCF058202AA5409A /* Pods-myPredictedGrade.release.xcconfig */ = {isa = PBXFileReference; includeInIndex = 1; lastKnownFileType = text.xcconfig; name = "Pods-myPredictedGrade.release.xcconfig"; path = "Pods/Target Support Files/Pods-myPredictedGrade/Pods-myPredictedGrade.release.xcconfig"; sourceTree = "<group>"; };
/* End PBXFileReference section */

/* Begin PBXFrameworksBuildPhase section */
		5F6032E11E05E6150097639E /* Frameworks */ = {
			isa = PBXFrameworksBuildPhase;
			buildActionMask = 2147483647;
			files = (
				5F9E64D61F5BF81E00AD6F89 /* Charts.framework in Frameworks */,
			);
			runOnlyForDeploymentPostprocessing = 0;
		};
/* End PBXFrameworksBuildPhase section */

/* Begin PBXGroup section */
		02C77B6FB0D4D4D40B3FE007 /* Frameworks */ = {
			isa = PBXGroup;
			children = (
				5F2F14181F517978001517C8 /* Charts.framework */,
			);
			name = Frameworks;
			sourceTree = "<group>";
		};
		5F02F6D81E117F330030F54E /* ViewControllers */ = {
			isa = PBXGroup;
			children = (
				5F9A31311EE99C0600996D1A /* Account Creation VCs */,
				5F60330E1E05EC9E0097639E /* myHomeViewController.swift */,
				5F6142781E12D781004DC079 /* myAssessmentsViewController.swift */,
				5FBC4BBC1E38E63D004E64A6 /* myTrendsViewController.swift */,
				5F8C8F351E4C4B0F003A14E3 /* mySettingsViewController.swift */,
				5F63D3781E225BBB005FB875 /* AssessmentDetailViewController.swift */,
				5F6C57531F404F6D003AEF89 /* SettingsFAQViewController.swift */,
				5FA4483F1F4D789900C88878 /* TrendsFAQViewController.swift */,
				5F9235211F49C86A00D56908 /* DisclaimerViewController.swift */,
			);
			name = ViewControllers;
			sourceTree = "<group>";
		};
		5F02F6D91E117F580030F54E /* UserObjects */ = {
			isa = PBXGroup;
			children = (
				5F02F6DC1E1183AC0030F54E /* Assessment.swift */,
				5FCE9FE81F4481BE00FD341C /* TOKAssessment.swift */,
				5FCC00981E17B90B005201C2 /* Profile.swift */,
				5F6F6D551E601EDF0035B196 /* Snapshot.swift */,
				5F6F6D571E601F6B0035B196 /* SubjectSnapshot.swift */,
				5F60C3271EB462B30062DFC5 /* OverallGradeSnapshot.swift */,
				5F61427A1E13DC3D004DC079 /* SubjectObject.swift */,
				5F8C8F371E4D327A003A14E3 /* SubjectGradeCalculation.swift */,
				5F60C3291EB46DBA0062DFC5 /* YearLevelObject.swift */,
			);
			name = UserObjects;
			sourceTree = "<group>";
		};
		5F02F6DA1E117F770030F54E /* Extensions */ = {
			isa = PBXGroup;
			children = (
				5F7D24DA1E30FC310091FD2C /* DateFormatter.swift */,
				5F02F6D61E1136B30030F54E /* String.swift */,
				5F02F6DE1E1191710030F54E /* UIView.swift */,
				5FC1EF6B1E1FC90F00CF379A /* UITextField.swift */,
				5F63D3561E20C428005FB875 /* UISearchBar.swift */,
				5F9680E11E266ED1001CF7B4 /* UINavigationController.swift */,
				5F5969721E2B51BD001EA42A /* Date.swift */,
			);
			name = Extensions;
			sourceTree = "<group>";
		};
		5F02F6DB1E117FA20030F54E /* CustomObjects */ = {
			isa = PBXGroup;
			children = (
				5F9CF5FD1E553B9500FC40C3 /* IndexedSum.swift */,
				5F10BBBD1F0A7480001E3A4F /* Alert.swift */,
				5F6FF6801E5DD4F20004CAEF /* MyValueFormatter.swift */,
				5F5C2CCF1F619C01002582DA /* MyTOKEEValueFormatter.swift */,
				5F6FF6821E5DD8720004CAEF /* MyAxisFormatter.swift */,
				5F5C2CCB1F618655002582DA /* MyTOKEEAxisFormatter.swift */,
				5F5C2CCD1F6193BA002582DA /* CustomNumberFormatter.swift */,
				5F1BACA61E0D776800CFDD6D /* BorderedView.swift */,
				5F2B3FFB1E47272500FAAA74 /* UnderlinedLabel.swift */,
				5F6142821E14DD1D004DC079 /* AssessmentCell.swift */,
				5F6142831E14DD1D004DC079 /* AssessmentCell.xib */,
				5F02F6CC1E0DC5DE0030F54E /* RecentAssessmentView.swift */,
				5F02F6CE1E0DCC4A0030F54E /* RecentAssessmentView.xib */,
			);
			name = CustomObjects;
			sourceTree = "<group>";
		};
		5F6032DB1E05E6150097639E = {
			isa = PBXGroup;
			children = (
				5F6032E61E05E6150097639E /* myPredictedGrade */,
				5F6032E51E05E6150097639E /* Products */,
				5F6032FD1E05EB480097639E /* Resources */,
				B049F8A6483A465C038727A0 /* Pods */,
				02C77B6FB0D4D4D40B3FE007 /* Frameworks */,
			);
			sourceTree = "<group>";
		};
		5F6032E51E05E6150097639E /* Products */ = {
			isa = PBXGroup;
			children = (
				5F6032E41E05E6150097639E /* myPredictedGrade.app */,
			);
			name = Products;
			sourceTree = "<group>";
		};
		5F6032E61E05E6150097639E /* myPredictedGrade */ = {
			isa = PBXGroup;
			children = (
				5F6032E71E05E6150097639E /* AppDelegate.swift */,
				5FCC009A1E17BC36005201C2 /* AppStatus.swift */,
				5F02F6D81E117F330030F54E /* ViewControllers */,
				5F02F6D91E117F580030F54E /* UserObjects */,
				5F6032ED1E05E6150097639E /* Main.storyboard */,
				5F02F6DB1E117FA20030F54E /* CustomObjects */,
				5F02F6DA1E117F770030F54E /* Extensions */,
				5F6032F01E05E6150097639E /* Assets.xcassets */,
				5F6032F21E05E6150097639E /* LaunchScreen.storyboard */,
				5F6032F51E05E6150097639E /* Info.plist */,
				5F8C8F311E4C2B0A003A14E3 /* gradePercentiles.json */,
				5F9CF5FF1E58816E00FC40C3 /* gradeBoundaries.json */,
				5F9235231F49CA0400D56908 /* untitled.png */,
			);
			path = myPredictedGrade;
			sourceTree = "<group>";
		};
		5F6032FD1E05EB480097639E /* Resources */ = {
			isa = PBXGroup;
			children = (
				5F5C2CC91F610449002582DA /* untitled (1).png */,
			);
			name = Resources;
			sourceTree = "<group>";
		};
		5F9A31311EE99C0600996D1A /* Account Creation VCs */ = {
			isa = PBXGroup;
			children = (
				5F7AC74F1EE6EFE1008660C4 /* SubjectSelectionTableViewController.swift */,
				5F10BBBB1F09DAC6001E3A4F /* RequestSubjectViewController.swift */,
				5F9A31321EE99C4100996D1A /* PersonalInformationViewController.swift */,
				5FA509591EEED99300684565 /* ColorSelectionViewController.swift */,
				5F644A351F065333002D7EB3 /* ColorConfirmationViewController.swift */,
			);
			name = "Account Creation VCs";
			sourceTree = "<group>";
		};
		B049F8A6483A465C038727A0 /* Pods */ = {
			isa = PBXGroup;
			children = (
				33F212EFA0A4DC55FFE2FE4E /* Pods-myPredictedGrade.debug.xcconfig */,
				8EFCFA22CCF058202AA5409A /* Pods-myPredictedGrade.release.xcconfig */,
			);
			name = Pods;
			sourceTree = "<group>";
		};
/* End PBXGroup section */

/* Begin PBXNativeTarget section */
		5F6032E31E05E6150097639E /* myPredictedGrade */ = {
			isa = PBXNativeTarget;
			buildConfigurationList = 5F6032F81E05E6150097639E /* Build configuration list for PBXNativeTarget "myPredictedGrade" */;
			buildPhases = (
				C585E413BCDC19863502EE4F /* [CP] Check Pods Manifest.lock */,
				5F6032E01E05E6150097639E /* Sources */,
				5F6032E11E05E6150097639E /* Frameworks */,
				5F6032E21E05E6150097639E /* Resources */,
				E2E75B8D620C82D6C43BE2D3 /* [CP] Embed Pods Frameworks */,
				07D6811011AB55179BDD35DB /* [CP] Copy Pods Resources */,
				5F9E64D81F5BF81E00AD6F89 /* Embed Frameworks */,
			);
			buildRules = (
			);
			dependencies = (
			);
			name = myPredictedGrade;
			productName = myPredictedGrade;
			productReference = 5F6032E41E05E6150097639E /* myPredictedGrade.app */;
			productType = "com.apple.product-type.application";
		};
/* End PBXNativeTarget section */

/* Begin PBXProject section */
		5F6032DC1E05E6150097639E /* Project object */ = {
			isa = PBXProject;
			attributes = {
				LastSwiftUpdateCheck = 0820;
				LastUpgradeCheck = 0830;
				ORGANIZATIONNAME = "Ben LOWRY";
				TargetAttributes = {
					5F6032E31E05E6150097639E = {
						CreatedOnToolsVersion = 8.2;
						DevelopmentTeam = NC6Q6DD92R;
						ProvisioningStyle = Automatic;
					};
				};
			};
			buildConfigurationList = 5F6032DF1E05E6150097639E /* Build configuration list for PBXProject "myPredictedGrade" */;
			compatibilityVersion = "Xcode 3.2";
			developmentRegion = English;
			hasScannedForEncodings = 0;
			knownRegions = (
				en,
				Base,
			);
			mainGroup = 5F6032DB1E05E6150097639E;
			productRefGroup = 5F6032E51E05E6150097639E /* Products */;
			projectDirPath = "";
			projectRoot = "";
			targets = (
				5F6032E31E05E6150097639E /* myPredictedGrade */,
			);
		};
/* End PBXProject section */

/* Begin PBXResourcesBuildPhase section */
		5F6032E21E05E6150097639E /* Resources */ = {
			isa = PBXResourcesBuildPhase;
			buildActionMask = 2147483647;
			files = (
				5F8C8F321E4C2B0A003A14E3 /* gradePercentiles.json in Resources */,
				5F6032F41E05E6150097639E /* LaunchScreen.storyboard in Resources */,
				5F5C2CCA1F610449002582DA /* untitled (1).png in Resources */,
				5F02F6CF1E0DCC4A0030F54E /* RecentAssessmentView.xib in Resources */,
				5F6032F11E05E6150097639E /* Assets.xcassets in Resources */,
				5F6142851E14DD1D004DC079 /* AssessmentCell.xib in Resources */,
				5F6032EF1E05E6150097639E /* Main.storyboard in Resources */,
				5F9CF6001E58816E00FC40C3 /* gradeBoundaries.json in Resources */,
				5F9235241F49CA0400D56908 /* untitled.png in Resources */,
			);
			runOnlyForDeploymentPostprocessing = 0;
		};
/* End PBXResourcesBuildPhase section */

/* Begin PBXShellScriptBuildPhase section */
		07D6811011AB55179BDD35DB /* [CP] Copy Pods Resources */ = {
			isa = PBXShellScriptBuildPhase;
			buildActionMask = 2147483647;
			files = (
			);
			inputPaths = (
			);
			name = "[CP] Copy Pods Resources";
			outputPaths = (
			);
			runOnlyForDeploymentPostprocessing = 0;
			shellPath = /bin/sh;
			shellScript = "\"${SRCROOT}/Pods/Target Support Files/Pods-myPredictedGrade/Pods-myPredictedGrade-resources.sh\"\n";
			showEnvVarsInLog = 0;
		};
		C585E413BCDC19863502EE4F /* [CP] Check Pods Manifest.lock */ = {
			isa = PBXShellScriptBuildPhase;
			buildActionMask = 2147483647;
			files = (
			);
			inputPaths = (
			);
			name = "[CP] Check Pods Manifest.lock";
			outputPaths = (
			);
			runOnlyForDeploymentPostprocessing = 0;
			shellPath = /bin/sh;
			shellScript = "diff \"${PODS_ROOT}/../Podfile.lock\" \"${PODS_ROOT}/Manifest.lock\" > /dev/null\nif [ $? != 0 ] ; then\n    # print error to STDERR\n    echo \"error: The sandbox is not in sync with the Podfile.lock. Run 'pod install' or update your CocoaPods installation.\" >&2\n    exit 1\nfi\n";
			showEnvVarsInLog = 0;
		};
		E2E75B8D620C82D6C43BE2D3 /* [CP] Embed Pods Frameworks */ = {
			isa = PBXShellScriptBuildPhase;
			buildActionMask = 2147483647;
			files = (
			);
			inputPaths = (
			);
			name = "[CP] Embed Pods Frameworks";
			outputPaths = (
			);
			runOnlyForDeploymentPostprocessing = 0;
			shellPath = /bin/sh;
			shellScript = "\"${SRCROOT}/Pods/Target Support Files/Pods-myPredictedGrade/Pods-myPredictedGrade-frameworks.sh\"\n";
			showEnvVarsInLog = 0;
		};
/* End PBXShellScriptBuildPhase section */

/* Begin PBXSourcesBuildPhase section */
		5F6032E01E05E6150097639E /* Sources */ = {
			isa = PBXSourcesBuildPhase;
			buildActionMask = 2147483647;
			files = (
				5F7D24DB1E30FC310091FD2C /* DateFormatter.swift in Sources */,
				5F9235221F49C86A00D56908 /* DisclaimerViewController.swift in Sources */,
				5F7AC7501EE6EFE1008660C4 /* SubjectSelectionTableViewController.swift in Sources */,
				5F9CF5FE1E553B9500FC40C3 /* IndexedSum.swift in Sources */,
				5F02F6DF1E1191710030F54E /* UIView.swift in Sources */,
				5F8C8F381E4D327A003A14E3 /* SubjectGradeCalculation.swift in Sources */,
				5F6F6D581E601F6B0035B196 /* SubjectSnapshot.swift in Sources */,
				5FCC00991E17B90B005201C2 /* Profile.swift in Sources */,
				5F5C2CCC1F618655002582DA /* MyTOKEEAxisFormatter.swift in Sources */,
				5FCE9FE91F4481BE00FD341C /* TOKAssessment.swift in Sources */,
				5F63D3571E20C428005FB875 /* UISearchBar.swift in Sources */,
				5F5C2CCE1F6193BA002582DA /* CustomNumberFormatter.swift in Sources */,
				5F6F6D561E601EDF0035B196 /* Snapshot.swift in Sources */,
				5F6032E81E05E6150097639E /* AppDelegate.swift in Sources */,
				5F8C8F361E4C4B0F003A14E3 /* mySettingsViewController.swift in Sources */,
				5F02F6CD1E0DC5DE0030F54E /* RecentAssessmentView.swift in Sources */,
				5F6FF6811E5DD4F20004CAEF /* MyValueFormatter.swift in Sources */,
				5F60330F1E05EC9E0097639E /* myHomeViewController.swift in Sources */,
				5FBC4BBD1E38E63D004E64A6 /* myTrendsViewController.swift in Sources */,
				5F5C2CD01F619C01002582DA /* MyTOKEEValueFormatter.swift in Sources */,
				5F644A361F065333002D7EB3 /* ColorConfirmationViewController.swift in Sources */,
				5F02F6D71E1136B30030F54E /* String.swift in Sources */,
				5F10BBBE1F0A7480001E3A4F /* Alert.swift in Sources */,
				5F5969731E2B51BD001EA42A /* Date.swift in Sources */,
				5F6C57541F404F6D003AEF89 /* SettingsFAQViewController.swift in Sources */,
				5F63D3791E225BBB005FB875 /* AssessmentDetailViewController.swift in Sources */,
				5F6142791E12D781004DC079 /* myAssessmentsViewController.swift in Sources */,
				5F9680E21E266ED1001CF7B4 /* UINavigationController.swift in Sources */,
				5F6FF6831E5DD8720004CAEF /* MyAxisFormatter.swift in Sources */,
				5F60C32A1EB46DBA0062DFC5 /* YearLevelObject.swift in Sources */,
				5F9A31331EE99C4100996D1A /* PersonalInformationViewController.swift in Sources */,
				5FA448401F4D789900C88878 /* TrendsFAQViewController.swift in Sources */,
				5F61427B1E13DC3D004DC079 /* SubjectObject.swift in Sources */,
				5F2B3FFC1E47272500FAAA74 /* UnderlinedLabel.swift in Sources */,
				5FC1EF6C1E1FC90F00CF379A /* UITextField.swift in Sources */,
				5FA5095A1EEED99300684565 /* ColorSelectionViewController.swift in Sources */,
				5F1BACA71E0D776800CFDD6D /* BorderedView.swift in Sources */,
				5F02F6DD1E1183AC0030F54E /* Assessment.swift in Sources */,
				5F6142841E14DD1D004DC079 /* AssessmentCell.swift in Sources */,
				5F10BBBC1F09DAC6001E3A4F /* RequestSubjectViewController.swift in Sources */,
				5F60C3281EB462B30062DFC5 /* OverallGradeSnapshot.swift in Sources */,
				5FCC009B1E17BC36005201C2 /* AppStatus.swift in Sources */,
			);
			runOnlyForDeploymentPostprocessing = 0;
		};
/* End PBXSourcesBuildPhase section */

/* Begin PBXVariantGroup section */
		5F6032ED1E05E6150097639E /* Main.storyboard */ = {
			isa = PBXVariantGroup;
			children = (
				5F6032EE1E05E6150097639E /* Base */,
			);
			name = Main.storyboard;
			sourceTree = "<group>";
		};
		5F6032F21E05E6150097639E /* LaunchScreen.storyboard */ = {
			isa = PBXVariantGroup;
			children = (
				5F6032F31E05E6150097639E /* Base */,
			);
			name = LaunchScreen.storyboard;
			sourceTree = "<group>";
		};
/* End PBXVariantGroup section */

/* Begin XCBuildConfiguration section */
		5F6032F61E05E6150097639E /* Debug */ = {
			isa = XCBuildConfiguration;
			buildSettings = {
				ALWAYS_SEARCH_USER_PATHS = NO;
				CLANG_ANALYZER_NONNULL = YES;
				CLANG_CXX_LANGUAGE_STANDARD = "gnu++0x";
				CLANG_CXX_LIBRARY = "libc++";
				CLANG_ENABLE_MODULES = YES;
				CLANG_ENABLE_OBJC_ARC = YES;
				CLANG_WARN_BOOL_CONVERSION = YES;
				CLANG_WARN_CONSTANT_CONVERSION = YES;
				CLANG_WARN_DIRECT_OBJC_ISA_USAGE = YES_ERROR;
				CLANG_WARN_DOCUMENTATION_COMMENTS = YES;
				CLANG_WARN_EMPTY_BODY = YES;
				CLANG_WARN_ENUM_CONVERSION = YES;
				CLANG_WARN_INFINITE_RECURSION = YES;
				CLANG_WARN_INT_CONVERSION = YES;
				CLANG_WARN_OBJC_ROOT_CLASS = YES_ERROR;
				CLANG_WARN_SUSPICIOUS_MOVE = YES;
				CLANG_WARN_UNREACHABLE_CODE = YES;
				CLANG_WARN__DUPLICATE_METHOD_MATCH = YES;
				"CODE_SIGN_IDENTITY[sdk=iphoneos*]" = "iPhone Developer";
				COPY_PHASE_STRIP = NO;
				DEBUG_INFORMATION_FORMAT = dwarf;
				ENABLE_STRICT_OBJC_MSGSEND = YES;
				ENABLE_TESTABILITY = YES;
				GCC_C_LANGUAGE_STANDARD = gnu99;
				GCC_DYNAMIC_NO_PIC = NO;
				GCC_NO_COMMON_BLOCKS = YES;
				GCC_OPTIMIZATION_LEVEL = 0;
				GCC_PREPROCESSOR_DEFINITIONS = (
					"DEBUG=1",
					"$(inherited)",
				);
				GCC_WARN_64_TO_32_BIT_CONVERSION = YES;
				GCC_WARN_ABOUT_RETURN_TYPE = YES_ERROR;
				GCC_WARN_UNDECLARED_SELECTOR = YES;
				GCC_WARN_UNINITIALIZED_AUTOS = YES_AGGRESSIVE;
				GCC_WARN_UNUSED_FUNCTION = YES;
				GCC_WARN_UNUSED_VARIABLE = YES;
				IPHONEOS_DEPLOYMENT_TARGET = 10.2;
				MTL_ENABLE_DEBUG_INFO = YES;
				ONLY_ACTIVE_ARCH = YES;
				SDKROOT = iphoneos;
				SWIFT_ACTIVE_COMPILATION_CONDITIONS = DEBUG;
				SWIFT_OPTIMIZATION_LEVEL = "-Onone";
			};
			name = Debug;
		};
		5F6032F71E05E6150097639E /* Release */ = {
			isa = XCBuildConfiguration;
			buildSettings = {
				ALWAYS_SEARCH_USER_PATHS = NO;
				CLANG_ANALYZER_NONNULL = YES;
				CLANG_CXX_LANGUAGE_STANDARD = "gnu++0x";
				CLANG_CXX_LIBRARY = "libc++";
				CLANG_ENABLE_MODULES = YES;
				CLANG_ENABLE_OBJC_ARC = YES;
				CLANG_WARN_BOOL_CONVERSION = YES;
				CLANG_WARN_CONSTANT_CONVERSION = YES;
				CLANG_WARN_DIRECT_OBJC_ISA_USAGE = YES_ERROR;
				CLANG_WARN_DOCUMENTATION_COMMENTS = YES;
				CLANG_WARN_EMPTY_BODY = YES;
				CLANG_WARN_ENUM_CONVERSION = YES;
				CLANG_WARN_INFINITE_RECURSION = YES;
				CLANG_WARN_INT_CONVERSION = YES;
				CLANG_WARN_OBJC_ROOT_CLASS = YES_ERROR;
				CLANG_WARN_SUSPICIOUS_MOVE = YES;
				CLANG_WARN_UNREACHABLE_CODE = YES;
				CLANG_WARN__DUPLICATE_METHOD_MATCH = YES;
				"CODE_SIGN_IDENTITY[sdk=iphoneos*]" = "iPhone Developer";
				COPY_PHASE_STRIP = NO;
				DEBUG_INFORMATION_FORMAT = "dwarf-with-dsym";
				ENABLE_NS_ASSERTIONS = NO;
				ENABLE_STRICT_OBJC_MSGSEND = YES;
				GCC_C_LANGUAGE_STANDARD = gnu99;
				GCC_NO_COMMON_BLOCKS = YES;
				GCC_WARN_64_TO_32_BIT_CONVERSION = YES;
				GCC_WARN_ABOUT_RETURN_TYPE = YES_ERROR;
				GCC_WARN_UNDECLARED_SELECTOR = YES;
				GCC_WARN_UNINITIALIZED_AUTOS = YES_AGGRESSIVE;
				GCC_WARN_UNUSED_FUNCTION = YES;
				GCC_WARN_UNUSED_VARIABLE = YES;
				IPHONEOS_DEPLOYMENT_TARGET = 10.2;
				MTL_ENABLE_DEBUG_INFO = NO;
				SDKROOT = iphoneos;
				SWIFT_OPTIMIZATION_LEVEL = "-Owholemodule";
				VALIDATE_PRODUCT = YES;
			};
			name = Release;
		};
		5F6032F91E05E6150097639E /* Debug */ = {
			isa = XCBuildConfiguration;
			baseConfigurationReference = 33F212EFA0A4DC55FFE2FE4E /* Pods-myPredictedGrade.debug.xcconfig */;
			buildSettings = {
				ALWAYS_EMBED_SWIFT_STANDARD_LIBRARIES = YES;
				ASSETCATALOG_COMPILER_APPICON_NAME = AppIcon;
				"CODE_SIGN_IDENTITY[sdk=iphoneos*]" = "iPhone Developer";
				DEVELOPMENT_TEAM = NC6Q6DD92R;
				ENABLE_BITCODE = NO;
				FRAMEWORK_SEARCH_PATHS = "$(inherited)";
				INFOPLIST_FILE = myPredictedGrade/Info.plist;
				IPHONEOS_DEPLOYMENT_TARGET = 10.2;
				LD_RUNPATH_SEARCH_PATHS = "$(inherited) @executable_path/Frameworks";
				PRODUCT_BUNDLE_IDENTIFIER = myPredictedGrade;
				PRODUCT_NAME = "$(TARGET_NAME)";
				PROVISIONING_PROFILE_SPECIFIER = "";
				SWIFT_VERSION = 3.0;
				TARGETED_DEVICE_FAMILY = 1;
			};
			name = Debug;
		};
		5F6032FA1E05E6150097639E /* Release */ = {
			isa = XCBuildConfiguration;
			baseConfigurationReference = 8EFCFA22CCF058202AA5409A /* Pods-myPredictedGrade.release.xcconfig */;
			buildSettings = {
				ALWAYS_EMBED_SWIFT_STANDARD_LIBRARIES = YES;
				ASSETCATALOG_COMPILER_APPICON_NAME = AppIcon;
				"CODE_SIGN_IDENTITY[sdk=iphoneos*]" = "iPhone Developer";
				DEVELOPMENT_TEAM = NC6Q6DD92R;
				ENABLE_BITCODE = NO;
				FRAMEWORK_SEARCH_PATHS = "$(inherited)";
				INFOPLIST_FILE = myPredictedGrade/Info.plist;
				IPHONEOS_DEPLOYMENT_TARGET = 10.2;
				LD_RUNPATH_SEARCH_PATHS = "$(inherited) @executable_path/Frameworks";
				PRODUCT_BUNDLE_IDENTIFIER = myPredictedGrade;
				PRODUCT_NAME = "$(TARGET_NAME)";
				PROVISIONING_PROFILE_SPECIFIER = "";
				SWIFT_VERSION = 3.0;
				TARGETED_DEVICE_FAMILY = 1;
			};
			name = Release;
		};
/* End XCBuildConfiguration section */

/* Begin XCConfigurationList section */
		5F6032DF1E05E6150097639E /* Build configuration list for PBXProject "myPredictedGrade" */ = {
			isa = XCConfigurationList;
			buildConfigurations = (
				5F6032F61E05E6150097639E /* Debug */,
				5F6032F71E05E6150097639E /* Release */,
			);
			defaultConfigurationIsVisible = 0;
			defaultConfigurationName = Release;
		};
		5F6032F81E05E6150097639E /* Build configuration list for PBXNativeTarget "myPredictedGrade" */ = {
			isa = XCConfigurationList;
			buildConfigurations = (
				5F6032F91E05E6150097639E /* Debug */,
				5F6032FA1E05E6150097639E /* Release */,
			);
			defaultConfigurationIsVisible = 0;
			defaultConfigurationName = Release;
		};
/* End XCConfigurationList section */
	};
	rootObject = 5F6032DC1E05E6150097639E /* Project object */;
}
